
Microsoft Visual Studio Solution File, Format Version 12.00
# Visual Studio 15
VisualStudioVersion = 15.0.27428.2002
MinimumVisualStudioVersion = 10.0.40219.1
Project("{FAE04EC0-301F-11D3-BF4B-00C04F79EFBC}") = "AIMS.Android", "AIMS\AIMS.Android\AIMS.Android.csproj", "{52F73CB9-E32F-43AF-B89C-51FE33A5E208}"
EndProject
Project("{FAE04EC0-301F-11D3-BF4B-00C04F79EFBC}") = "AIMS.iOS", "AIMS\AIMS.iOS\AIMS.iOS.csproj", "{FE521D6C-6719-4311-89B3-98523CFD3364}"
EndProject
Project("{FAE04EC0-301F-11D3-BF4B-00C04F79EFBC}") = "AIMS.UWP", "AIMS\AIMS.UWP\AIMS.UWP.csproj", "{C38281AD-BF7B-44FB-AEDF-36AE288DD280}"
EndProject
Project("{D954291E-2A0B-460D-934E-DC6B0785DB48}") = "AIMS", "AIMS\AIMS\AIMS.shproj", "{5905A8D6-5425-4C4E-A009-C83462BD0504}"
EndProject
Project("{FAE04EC0-301F-11D3-BF4B-00C04F79EFBC}") = "AIMS.Core", "AIMS.Core\AIMS.Core.csproj", "{D9A43575-43FE-4D0E-A24C-1CEEED39B26A}"
EndProject
Global
	GlobalSection(SharedMSBuildProjectFiles) = preSolution
		AIMS\AIMS\AIMS.projitems*{52f73cb9-e32f-43af-b89c-51fe33a5e208}*SharedItemsImports = 4
		AIMS\AIMS\AIMS.projitems*{5905a8d6-5425-4c4e-a009-c83462bd0504}*SharedItemsImports = 13
		AIMS\AIMS\AIMS.projitems*{c38281ad-bf7b-44fb-aedf-36ae288dd280}*SharedItemsImports = 4
		AIMS\AIMS\AIMS.projitems*{fe521d6c-6719-4311-89b3-98523cfd3364}*SharedItemsImports = 4
	EndGlobalSection
	GlobalSection(SolutionConfigurationPlatforms) = preSolution
		Ad-Hoc|Any CPU = Ad-Hoc|Any CPU
		Ad-Hoc|ARM = Ad-Hoc|ARM
		Ad-Hoc|iPhone = Ad-Hoc|iPhone
		Ad-Hoc|iPhoneSimulator = Ad-Hoc|iPhoneSimulator
		Ad-Hoc|x64 = Ad-Hoc|x64
		Ad-Hoc|x86 = Ad-Hoc|x86
		AppStore|Any CPU = AppStore|Any CPU
		AppStore|ARM = AppStore|ARM
		AppStore|iPhone = AppStore|iPhone
		AppStore|iPhoneSimulator = AppStore|iPhoneSimulator
		AppStore|x64 = AppStore|x64
		AppStore|x86 = AppStore|x86
		Debug|Any CPU = Debug|Any CPU
		Debug|ARM = Debug|ARM
		Debug|iPhone = Debug|iPhone
		Debug|iPhoneSimulator = Debug|iPhoneSimulator
		Debug|x64 = Debug|x64
		Debug|x86 = Debug|x86
		Release|Any CPU = Release|Any CPU
		Release|ARM = Release|ARM
		Release|iPhone = Release|iPhone
		Release|iPhoneSimulator = Release|iPhoneSimulator
		Release|x64 = Release|x64
		Release|x86 = Release|x86
		Release2|Any CPU = Release2|Any CPU
		Release2|ARM = Release2|ARM
		Release2|iPhone = Release2|iPhone
		Release2|iPhoneSimulator = Release2|iPhoneSimulator
		Release2|x64 = Release2|x64
		Release2|x86 = Release2|x86
	EndGlobalSection
	GlobalSection(ProjectConfigurationPlatforms) = postSolution
		{52F73CB9-E32F-43AF-B89C-51FE33A5E208}.Ad-Hoc|Any CPU.ActiveCfg = Release|Any CPU
		{52F73CB9-E32F-43AF-B89C-51FE33A5E208}.Ad-Hoc|Any CPU.Build.0 = Release|Any CPU
		{52F73CB9-E32F-43AF-B89C-51FE33A5E208}.Ad-Hoc|Any CPU.Deploy.0 = Release|Any CPU
		{52F73CB9-E32F-43AF-B89C-51FE33A5E208}.Ad-Hoc|ARM.ActiveCfg = Release|Any CPU
		{52F73CB9-E32F-43AF-B89C-51FE33A5E208}.Ad-Hoc|ARM.Build.0 = Release|Any CPU
		{52F73CB9-E32F-43AF-B89C-51FE33A5E208}.Ad-Hoc|ARM.Deploy.0 = Release|Any CPU
		{52F73CB9-E32F-43AF-B89C-51FE33A5E208}.Ad-Hoc|iPhone.ActiveCfg = Release|Any CPU
		{52F73CB9-E32F-43AF-B89C-51FE33A5E208}.Ad-Hoc|iPhone.Build.0 = Release|Any CPU
		{52F73CB9-E32F-43AF-B89C-51FE33A5E208}.Ad-Hoc|iPhone.Deploy.0 = Release|Any CPU
		{52F73CB9-E32F-43AF-B89C-51FE33A5E208}.Ad-Hoc|iPhoneSimulator.ActiveCfg = Release|Any CPU
		{52F73CB9-E32F-43AF-B89C-51FE33A5E208}.Ad-Hoc|iPhoneSimulator.Build.0 = Release|Any CPU
		{52F73CB9-E32F-43AF-B89C-51FE33A5E208}.Ad-Hoc|iPhoneSimulator.Deploy.0 = Release|Any CPU
		{52F73CB9-E32F-43AF-B89C-51FE33A5E208}.Ad-Hoc|x64.ActiveCfg = Release|Any CPU
		{52F73CB9-E32F-43AF-B89C-51FE33A5E208}.Ad-Hoc|x64.Build.0 = Release|Any CPU
		{52F73CB9-E32F-43AF-B89C-51FE33A5E208}.Ad-Hoc|x64.Deploy.0 = Release|Any CPU
		{52F73CB9-E32F-43AF-B89C-51FE33A5E208}.Ad-Hoc|x86.ActiveCfg = Release|Any CPU
		{52F73CB9-E32F-43AF-B89C-51FE33A5E208}.Ad-Hoc|x86.Build.0 = Release|Any CPU
		{52F73CB9-E32F-43AF-B89C-51FE33A5E208}.Ad-Hoc|x86.Deploy.0 = Release|Any CPU
		{52F73CB9-E32F-43AF-B89C-51FE33A5E208}.AppStore|Any CPU.ActiveCfg = Release|Any CPU
		{52F73CB9-E32F-43AF-B89C-51FE33A5E208}.AppStore|Any CPU.Build.0 = Release|Any CPU
		{52F73CB9-E32F-43AF-B89C-51FE33A5E208}.AppStore|Any CPU.Deploy.0 = Release|Any CPU
		{52F73CB9-E32F-43AF-B89C-51FE33A5E208}.AppStore|ARM.ActiveCfg = Release|Any CPU
		{52F73CB9-E32F-43AF-B89C-51FE33A5E208}.AppStore|ARM.Build.0 = Release|Any CPU
		{52F73CB9-E32F-43AF-B89C-51FE33A5E208}.AppStore|ARM.Deploy.0 = Release|Any CPU
		{52F73CB9-E32F-43AF-B89C-51FE33A5E208}.AppStore|iPhone.ActiveCfg = Release|Any CPU
		{52F73CB9-E32F-43AF-B89C-51FE33A5E208}.AppStore|iPhone.Build.0 = Release|Any CPU
		{52F73CB9-E32F-43AF-B89C-51FE33A5E208}.AppStore|iPhone.Deploy.0 = Release|Any CPU
		{52F73CB9-E32F-43AF-B89C-51FE33A5E208}.AppStore|iPhoneSimulator.ActiveCfg = Release|Any CPU
		{52F73CB9-E32F-43AF-B89C-51FE33A5E208}.AppStore|iPhoneSimulator.Build.0 = Release|Any CPU
		{52F73CB9-E32F-43AF-B89C-51FE33A5E208}.AppStore|iPhoneSimulator.Deploy.0 = Release|Any CPU
		{52F73CB9-E32F-43AF-B89C-51FE33A5E208}.AppStore|x64.ActiveCfg = Release|Any CPU
		{52F73CB9-E32F-43AF-B89C-51FE33A5E208}.AppStore|x64.Build.0 = Release|Any CPU
		{52F73CB9-E32F-43AF-B89C-51FE33A5E208}.AppStore|x64.Deploy.0 = Release|Any CPU
		{52F73CB9-E32F-43AF-B89C-51FE33A5E208}.AppStore|x86.ActiveCfg = Release|Any CPU
		{52F73CB9-E32F-43AF-B89C-51FE33A5E208}.AppStore|x86.Build.0 = Release|Any CPU
		{52F73CB9-E32F-43AF-B89C-51FE33A5E208}.AppStore|x86.Deploy.0 = Release|Any CPU
		{52F73CB9-E32F-43AF-B89C-51FE33A5E208}.Debug|Any CPU.ActiveCfg = Debug|Any CPU
		{52F73CB9-E32F-43AF-B89C-51FE33A5E208}.Debug|Any CPU.Build.0 = Debug|Any CPU
		{52F73CB9-E32F-43AF-B89C-51FE33A5E208}.Debug|Any CPU.Deploy.0 = Debug|Any CPU
		{52F73CB9-E32F-43AF-B89C-51FE33A5E208}.Debug|ARM.ActiveCfg = Debug|Any CPU
		{52F73CB9-E32F-43AF-B89C-51FE33A5E208}.Debug|ARM.Build.0 = Debug|Any CPU
		{52F73CB9-E32F-43AF-B89C-51FE33A5E208}.Debug|ARM.Deploy.0 = Debug|Any CPU
		{52F73CB9-E32F-43AF-B89C-51FE33A5E208}.Debug|iPhone.ActiveCfg = Debug|Any CPU
		{52F73CB9-E32F-43AF-B89C-51FE33A5E208}.Debug|iPhone.Build.0 = Debug|Any CPU
		{52F73CB9-E32F-43AF-B89C-51FE33A5E208}.Debug|iPhone.Deploy.0 = Debug|Any CPU
		{52F73CB9-E32F-43AF-B89C-51FE33A5E208}.Debug|iPhoneSimulator.ActiveCfg = Debug|Any CPU
		{52F73CB9-E32F-43AF-B89C-51FE33A5E208}.Debug|iPhoneSimulator.Build.0 = Debug|Any CPU
		{52F73CB9-E32F-43AF-B89C-51FE33A5E208}.Debug|iPhoneSimulator.Deploy.0 = Debug|Any CPU
		{52F73CB9-E32F-43AF-B89C-51FE33A5E208}.Debug|x64.ActiveCfg = Debug|Any CPU
		{52F73CB9-E32F-43AF-B89C-51FE33A5E208}.Debug|x64.Build.0 = Debug|Any CPU
		{52F73CB9-E32F-43AF-B89C-51FE33A5E208}.Debug|x64.Deploy.0 = Debug|Any CPU
		{52F73CB9-E32F-43AF-B89C-51FE33A5E208}.Debug|x86.ActiveCfg = Debug|Any CPU
		{52F73CB9-E32F-43AF-B89C-51FE33A5E208}.Debug|x86.Build.0 = Debug|Any CPU
		{52F73CB9-E32F-43AF-B89C-51FE33A5E208}.Debug|x86.Deploy.0 = Debug|Any CPU
		{52F73CB9-E32F-43AF-B89C-51FE33A5E208}.Release|Any CPU.ActiveCfg = Release|Any CPU
		{52F73CB9-E32F-43AF-B89C-51FE33A5E208}.Release|Any CPU.Build.0 = Release|Any CPU
		{52F73CB9-E32F-43AF-B89C-51FE33A5E208}.Release|Any CPU.Deploy.0 = Release|Any CPU
		{52F73CB9-E32F-43AF-B89C-51FE33A5E208}.Release|ARM.ActiveCfg = Release|Any CPU
		{52F73CB9-E32F-43AF-B89C-51FE33A5E208}.Release|ARM.Build.0 = Release|Any CPU
		{52F73CB9-E32F-43AF-B89C-51FE33A5E208}.Release|ARM.Deploy.0 = Release|Any CPU
		{52F73CB9-E32F-43AF-B89C-51FE33A5E208}.Release|iPhone.ActiveCfg = Release|Any CPU
		{52F73CB9-E32F-43AF-B89C-51FE33A5E208}.Release|iPhone.Build.0 = Release|Any CPU
		{52F73CB9-E32F-43AF-B89C-51FE33A5E208}.Release|iPhone.Deploy.0 = Release|Any CPU
		{52F73CB9-E32F-43AF-B89C-51FE33A5E208}.Release|iPhoneSimulator.ActiveCfg = Release|Any CPU
		{52F73CB9-E32F-43AF-B89C-51FE33A5E208}.Release|iPhoneSimulator.Build.0 = Release|Any CPU
		{52F73CB9-E32F-43AF-B89C-51FE33A5E208}.Release|iPhoneSimulator.Deploy.0 = Release|Any CPU
		{52F73CB9-E32F-43AF-B89C-51FE33A5E208}.Release|x64.ActiveCfg = Release|Any CPU
		{52F73CB9-E32F-43AF-B89C-51FE33A5E208}.Release|x64.Build.0 = Release|Any CPU
		{52F73CB9-E32F-43AF-B89C-51FE33A5E208}.Release|x64.Deploy.0 = Release|Any CPU
		{52F73CB9-E32F-43AF-B89C-51FE33A5E208}.Release|x86.ActiveCfg = Release|Any CPU
		{52F73CB9-E32F-43AF-B89C-51FE33A5E208}.Release|x86.Build.0 = Release|Any CPU
		{52F73CB9-E32F-43AF-B89C-51FE33A5E208}.Release|x86.Deploy.0 = Release|Any CPU
		{52F73CB9-E32F-43AF-B89C-51FE33A5E208}.Release2|Any CPU.ActiveCfg = Release2|Any CPU
		{52F73CB9-E32F-43AF-B89C-51FE33A5E208}.Release2|Any CPU.Build.0 = Release2|Any CPU
		{52F73CB9-E32F-43AF-B89C-51FE33A5E208}.Release2|Any CPU.Deploy.0 = Release2|Any CPU
		{52F73CB9-E32F-43AF-B89C-51FE33A5E208}.Release2|ARM.ActiveCfg = Release2|Any CPU
		{52F73CB9-E32F-43AF-B89C-51FE33A5E208}.Release2|ARM.Build.0 = Release2|Any CPU
		{52F73CB9-E32F-43AF-B89C-51FE33A5E208}.Release2|ARM.Deploy.0 = Release2|Any CPU
		{52F73CB9-E32F-43AF-B89C-51FE33A5E208}.Release2|iPhone.ActiveCfg = Release2|Any CPU
		{52F73CB9-E32F-43AF-B89C-51FE33A5E208}.Release2|iPhoneSimulator.ActiveCfg = Release2|Any CPU
		{52F73CB9-E32F-43AF-B89C-51FE33A5E208}.Release2|iPhoneSimulator.Build.0 = Release2|Any CPU
		{52F73CB9-E32F-43AF-B89C-51FE33A5E208}.Release2|iPhoneSimulator.Deploy.0 = Release2|Any CPU
		{52F73CB9-E32F-43AF-B89C-51FE33A5E208}.Release2|x64.ActiveCfg = Release2|Any CPU
		{52F73CB9-E32F-43AF-B89C-51FE33A5E208}.Release2|x64.Build.0 = Release2|Any CPU
		{52F73CB9-E32F-43AF-B89C-51FE33A5E208}.Release2|x64.Deploy.0 = Release2|Any CPU
		{52F73CB9-E32F-43AF-B89C-51FE33A5E208}.Release2|x86.ActiveCfg = Release2|Any CPU
		{52F73CB9-E32F-43AF-B89C-51FE33A5E208}.Release2|x86.Build.0 = Release2|Any CPU
		{52F73CB9-E32F-43AF-B89C-51FE33A5E208}.Release2|x86.Deploy.0 = Release2|Any CPU
		{FE521D6C-6719-4311-89B3-98523CFD3364}.Ad-Hoc|Any CPU.ActiveCfg = Ad-Hoc|iPhone
		{FE521D6C-6719-4311-89B3-98523CFD3364}.Ad-Hoc|ARM.ActiveCfg = Ad-Hoc|iPhone
		{FE521D6C-6719-4311-89B3-98523CFD3364}.Ad-Hoc|iPhone.ActiveCfg = Ad-Hoc|iPhone
		{FE521D6C-6719-4311-89B3-98523CFD3364}.Ad-Hoc|iPhone.Build.0 = Ad-Hoc|iPhone
		{FE521D6C-6719-4311-89B3-98523CFD3364}.Ad-Hoc|iPhoneSimulator.ActiveCfg = Ad-Hoc|iPhoneSimulator
		{FE521D6C-6719-4311-89B3-98523CFD3364}.Ad-Hoc|iPhoneSimulator.Build.0 = Ad-Hoc|iPhoneSimulator
		{FE521D6C-6719-4311-89B3-98523CFD3364}.Ad-Hoc|x64.ActiveCfg = Ad-Hoc|iPhone
		{FE521D6C-6719-4311-89B3-98523CFD3364}.Ad-Hoc|x86.ActiveCfg = Ad-Hoc|iPhone
		{FE521D6C-6719-4311-89B3-98523CFD3364}.AppStore|Any CPU.ActiveCfg = AppStore|iPhone
		{FE521D6C-6719-4311-89B3-98523CFD3364}.AppStore|ARM.ActiveCfg = AppStore|iPhone
		{FE521D6C-6719-4311-89B3-98523CFD3364}.AppStore|iPhone.ActiveCfg = AppStore|iPhone
		{FE521D6C-6719-4311-89B3-98523CFD3364}.AppStore|iPhone.Build.0 = AppStore|iPhone
		{FE521D6C-6719-4311-89B3-98523CFD3364}.AppStore|iPhoneSimulator.ActiveCfg = AppStore|iPhoneSimulator
		{FE521D6C-6719-4311-89B3-98523CFD3364}.AppStore|iPhoneSimulator.Build.0 = AppStore|iPhoneSimulator
		{FE521D6C-6719-4311-89B3-98523CFD3364}.AppStore|x64.ActiveCfg = AppStore|iPhone
		{FE521D6C-6719-4311-89B3-98523CFD3364}.AppStore|x86.ActiveCfg = AppStore|iPhone
		{FE521D6C-6719-4311-89B3-98523CFD3364}.Debug|Any CPU.ActiveCfg = Debug|iPhone
		{FE521D6C-6719-4311-89B3-98523CFD3364}.Debug|ARM.ActiveCfg = Debug|iPhone
		{FE521D6C-6719-4311-89B3-98523CFD3364}.Debug|iPhone.ActiveCfg = Debug|iPhone
		{FE521D6C-6719-4311-89B3-98523CFD3364}.Debug|iPhone.Build.0 = Debug|iPhone
		{FE521D6C-6719-4311-89B3-98523CFD3364}.Debug|iPhoneSimulator.ActiveCfg = Debug|iPhoneSimulator
		{FE521D6C-6719-4311-89B3-98523CFD3364}.Debug|iPhoneSimulator.Build.0 = Debug|iPhoneSimulator
		{FE521D6C-6719-4311-89B3-98523CFD3364}.Debug|x64.ActiveCfg = Debug|iPhone
		{FE521D6C-6719-4311-89B3-98523CFD3364}.Debug|x86.ActiveCfg = Debug|iPhone
		{FE521D6C-6719-4311-89B3-98523CFD3364}.Release|Any CPU.ActiveCfg = Release|iPhone
		{FE521D6C-6719-4311-89B3-98523CFD3364}.Release|ARM.ActiveCfg = Release|iPhone
		{FE521D6C-6719-4311-89B3-98523CFD3364}.Release|iPhone.ActiveCfg = Release|iPhone
		{FE521D6C-6719-4311-89B3-98523CFD3364}.Release|iPhone.Build.0 = Release|iPhone
		{FE521D6C-6719-4311-89B3-98523CFD3364}.Release|iPhoneSimulator.ActiveCfg = Release|iPhoneSimulator
		{FE521D6C-6719-4311-89B3-98523CFD3364}.Release|iPhoneSimulator.Build.0 = Release|iPhoneSimulator
		{FE521D6C-6719-4311-89B3-98523CFD3364}.Release|x64.ActiveCfg = Release|iPhone
		{FE521D6C-6719-4311-89B3-98523CFD3364}.Release|x86.ActiveCfg = Release|iPhone
		{FE521D6C-6719-4311-89B3-98523CFD3364}.Release2|Any CPU.ActiveCfg = Release2|iPhone
		{FE521D6C-6719-4311-89B3-98523CFD3364}.Release2|ARM.ActiveCfg = Release2|iPhone
		{FE521D6C-6719-4311-89B3-98523CFD3364}.Release2|iPhone.ActiveCfg = Release2|iPhone
		{FE521D6C-6719-4311-89B3-98523CFD3364}.Release2|iPhoneSimulator.ActiveCfg = Release2|iPhoneSimulator
		{FE521D6C-6719-4311-89B3-98523CFD3364}.Release2|x64.ActiveCfg = Release2|iPhone
		{FE521D6C-6719-4311-89B3-98523CFD3364}.Release2|x86.ActiveCfg = Release2|iPhone
		{C38281AD-BF7B-44FB-AEDF-36AE288DD280}.Ad-Hoc|Any CPU.ActiveCfg = Release|x86
		{C38281AD-BF7B-44FB-AEDF-36AE288DD280}.Ad-Hoc|Any CPU.Build.0 = Release|x86
		{C38281AD-BF7B-44FB-AEDF-36AE288DD280}.Ad-Hoc|Any CPU.Deploy.0 = Release|x86
		{C38281AD-BF7B-44FB-AEDF-36AE288DD280}.Ad-Hoc|ARM.ActiveCfg = Release|ARM
		{C38281AD-BF7B-44FB-AEDF-36AE288DD280}.Ad-Hoc|ARM.Build.0 = Release|ARM
		{C38281AD-BF7B-44FB-AEDF-36AE288DD280}.Ad-Hoc|ARM.Deploy.0 = Release|ARM
		{C38281AD-BF7B-44FB-AEDF-36AE288DD280}.Ad-Hoc|iPhone.ActiveCfg = Release|x86
		{C38281AD-BF7B-44FB-AEDF-36AE288DD280}.Ad-Hoc|iPhone.Build.0 = Release|x86
		{C38281AD-BF7B-44FB-AEDF-36AE288DD280}.Ad-Hoc|iPhone.Deploy.0 = Release|x86
		{C38281AD-BF7B-44FB-AEDF-36AE288DD280}.Ad-Hoc|iPhoneSimulator.ActiveCfg = Release|x86
		{C38281AD-BF7B-44FB-AEDF-36AE288DD280}.Ad-Hoc|iPhoneSimulator.Build.0 = Release|x86
		{C38281AD-BF7B-44FB-AEDF-36AE288DD280}.Ad-Hoc|iPhoneSimulator.Deploy.0 = Release|x86
		{C38281AD-BF7B-44FB-AEDF-36AE288DD280}.Ad-Hoc|x64.ActiveCfg = Release|x64
		{C38281AD-BF7B-44FB-AEDF-36AE288DD280}.Ad-Hoc|x64.Build.0 = Release|x64
		{C38281AD-BF7B-44FB-AEDF-36AE288DD280}.Ad-Hoc|x64.Deploy.0 = Release|x64
		{C38281AD-BF7B-44FB-AEDF-36AE288DD280}.Ad-Hoc|x86.ActiveCfg = Release|x86
		{C38281AD-BF7B-44FB-AEDF-36AE288DD280}.Ad-Hoc|x86.Build.0 = Release|x86
		{C38281AD-BF7B-44FB-AEDF-36AE288DD280}.Ad-Hoc|x86.Deploy.0 = Release|x86
		{C38281AD-BF7B-44FB-AEDF-36AE288DD280}.AppStore|Any CPU.ActiveCfg = Release|x86
		{C38281AD-BF7B-44FB-AEDF-36AE288DD280}.AppStore|Any CPU.Build.0 = Release|x86
		{C38281AD-BF7B-44FB-AEDF-36AE288DD280}.AppStore|Any CPU.Deploy.0 = Release|x86
		{C38281AD-BF7B-44FB-AEDF-36AE288DD280}.AppStore|ARM.ActiveCfg = Release|ARM
		{C38281AD-BF7B-44FB-AEDF-36AE288DD280}.AppStore|ARM.Build.0 = Release|ARM
		{C38281AD-BF7B-44FB-AEDF-36AE288DD280}.AppStore|ARM.Deploy.0 = Release|ARM
		{C38281AD-BF7B-44FB-AEDF-36AE288DD280}.AppStore|iPhone.ActiveCfg = Release|x86
		{C38281AD-BF7B-44FB-AEDF-36AE288DD280}.AppStore|iPhone.Build.0 = Release|x86
		{C38281AD-BF7B-44FB-AEDF-36AE288DD280}.AppStore|iPhone.Deploy.0 = Release|x86
		{C38281AD-BF7B-44FB-AEDF-36AE288DD280}.AppStore|iPhoneSimulator.ActiveCfg = Release|x86
		{C38281AD-BF7B-44FB-AEDF-36AE288DD280}.AppStore|iPhoneSimulator.Build.0 = Release|x86
		{C38281AD-BF7B-44FB-AEDF-36AE288DD280}.AppStore|iPhoneSimulator.Deploy.0 = Release|x86
		{C38281AD-BF7B-44FB-AEDF-36AE288DD280}.AppStore|x64.ActiveCfg = Release|x64
		{C38281AD-BF7B-44FB-AEDF-36AE288DD280}.AppStore|x64.Build.0 = Release|x64
		{C38281AD-BF7B-44FB-AEDF-36AE288DD280}.AppStore|x64.Deploy.0 = Release|x64
		{C38281AD-BF7B-44FB-AEDF-36AE288DD280}.AppStore|x86.ActiveCfg = Release|x86
		{C38281AD-BF7B-44FB-AEDF-36AE288DD280}.AppStore|x86.Build.0 = Release|x86
		{C38281AD-BF7B-44FB-AEDF-36AE288DD280}.AppStore|x86.Deploy.0 = Release|x86
		{C38281AD-BF7B-44FB-AEDF-36AE288DD280}.Debug|Any CPU.ActiveCfg = Debug|x86
		{C38281AD-BF7B-44FB-AEDF-36AE288DD280}.Debug|ARM.ActiveCfg = Debug|ARM
		{C38281AD-BF7B-44FB-AEDF-36AE288DD280}.Debug|ARM.Build.0 = Debug|ARM
		{C38281AD-BF7B-44FB-AEDF-36AE288DD280}.Debug|ARM.Deploy.0 = Debug|ARM
		{C38281AD-BF7B-44FB-AEDF-36AE288DD280}.Debug|iPhone.ActiveCfg = Debug|x86
		{C38281AD-BF7B-44FB-AEDF-36AE288DD280}.Debug|iPhoneSimulator.ActiveCfg = Debug|x86
		{C38281AD-BF7B-44FB-AEDF-36AE288DD280}.Debug|x64.ActiveCfg = Debug|x64
		{C38281AD-BF7B-44FB-AEDF-36AE288DD280}.Debug|x64.Build.0 = Debug|x64
		{C38281AD-BF7B-44FB-AEDF-36AE288DD280}.Debug|x64.Deploy.0 = Debug|x64
		{C38281AD-BF7B-44FB-AEDF-36AE288DD280}.Debug|x86.ActiveCfg = Debug|x86
		{C38281AD-BF7B-44FB-AEDF-36AE288DD280}.Debug|x86.Build.0 = Debug|x86
		{C38281AD-BF7B-44FB-AEDF-36AE288DD280}.Debug|x86.Deploy.0 = Debug|x86
		{C38281AD-BF7B-44FB-AEDF-36AE288DD280}.Release|Any CPU.ActiveCfg = Release|x86
		{C38281AD-BF7B-44FB-AEDF-36AE288DD280}.Release|ARM.ActiveCfg = Release|ARM
		{C38281AD-BF7B-44FB-AEDF-36AE288DD280}.Release|ARM.Build.0 = Release|ARM
		{C38281AD-BF7B-44FB-AEDF-36AE288DD280}.Release|ARM.Deploy.0 = Release|ARM
		{C38281AD-BF7B-44FB-AEDF-36AE288DD280}.Release|iPhone.ActiveCfg = Release|x86
		{C38281AD-BF7B-44FB-AEDF-36AE288DD280}.Release|iPhoneSimulator.ActiveCfg = Release|x86
		{C38281AD-BF7B-44FB-AEDF-36AE288DD280}.Release|x64.ActiveCfg = Release|x64
		{C38281AD-BF7B-44FB-AEDF-36AE288DD280}.Release|x64.Build.0 = Release|x64
		{C38281AD-BF7B-44FB-AEDF-36AE288DD280}.Release|x64.Deploy.0 = Release|x64
		{C38281AD-BF7B-44FB-AEDF-36AE288DD280}.Release|x86.ActiveCfg = Release|x86
		{C38281AD-BF7B-44FB-AEDF-36AE288DD280}.Release|x86.Build.0 = Release|x86
		{C38281AD-BF7B-44FB-AEDF-36AE288DD280}.Release|x86.Deploy.0 = Release|x86
		{C38281AD-BF7B-44FB-AEDF-36AE288DD280}.Release2|Any CPU.ActiveCfg = Debug|x64
		{C38281AD-BF7B-44FB-AEDF-36AE288DD280}.Release2|ARM.ActiveCfg = Release|ARM
		{C38281AD-BF7B-44FB-AEDF-36AE288DD280}.Release2|iPhone.ActiveCfg = Debug|x64
		{C38281AD-BF7B-44FB-AEDF-36AE288DD280}.Release2|iPhoneSimulator.ActiveCfg = Debug|x64
		{C38281AD-BF7B-44FB-AEDF-36AE288DD280}.Release2|x64.ActiveCfg = Release|x64
		{C38281AD-BF7B-44FB-AEDF-36AE288DD280}.Release2|x86.ActiveCfg = Release|x86
		{D9A43575-43FE-4D0E-A24C-1CEEED39B26A}.Ad-Hoc|Any CPU.ActiveCfg = Release|Any CPU
		{D9A43575-43FE-4D0E-A24C-1CEEED39B26A}.Ad-Hoc|Any CPU.Build.0 = Release|Any CPU
		{D9A43575-43FE-4D0E-A24C-1CEEED39B26A}.Ad-Hoc|ARM.ActiveCfg = Release|Any CPU
		{D9A43575-43FE-4D0E-A24C-1CEEED39B26A}.Ad-Hoc|ARM.Build.0 = Release|Any CPU
		{D9A43575-43FE-4D0E-A24C-1CEEED39B26A}.Ad-Hoc|iPhone.ActiveCfg = Release|Any CPU
		{D9A43575-43FE-4D0E-A24C-1CEEED39B26A}.Ad-Hoc|iPhone.Build.0 = Release|Any CPU
		{D9A43575-43FE-4D0E-A24C-1CEEED39B26A}.Ad-Hoc|iPhoneSimulator.ActiveCfg = Release|Any CPU
		{D9A43575-43FE-4D0E-A24C-1CEEED39B26A}.Ad-Hoc|iPhoneSimulator.Build.0 = Release|Any CPU
		{D9A43575-43FE-4D0E-A24C-1CEEED39B26A}.Ad-Hoc|x64.ActiveCfg = Release|Any CPU
		{D9A43575-43FE-4D0E-A24C-1CEEED39B26A}.Ad-Hoc|x64.Build.0 = Release|Any CPU
		{D9A43575-43FE-4D0E-A24C-1CEEED39B26A}.Ad-Hoc|x86.ActiveCfg = Release|Any CPU
		{D9A43575-43FE-4D0E-A24C-1CEEED39B26A}.Ad-Hoc|x86.Build.0 = Release|Any CPU
		{D9A43575-43FE-4D0E-A24C-1CEEED39B26A}.AppStore|Any CPU.ActiveCfg = Release|Any CPU
		{D9A43575-43FE-4D0E-A24C-1CEEED39B26A}.AppStore|Any CPU.Build.0 = Release|Any CPU
		{D9A43575-43FE-4D0E-A24C-1CEEED39B26A}.AppStore|ARM.ActiveCfg = Release|Any CPU
		{D9A43575-43FE-4D0E-A24C-1CEEED39B26A}.AppStore|ARM.Build.0 = Release|Any CPU
		{D9A43575-43FE-4D0E-A24C-1CEEED39B26A}.AppStore|iPhone.ActiveCfg = Release|Any CPU
		{D9A43575-43FE-4D0E-A24C-1CEEED39B26A}.AppStore|iPhone.Build.0 = Release|Any CPU
		{D9A43575-43FE-4D0E-A24C-1CEEED39B26A}.AppStore|iPhoneSimulator.ActiveCfg = Release|Any CPU
		{D9A43575-43FE-4D0E-A24C-1CEEED39B26A}.AppStore|iPhoneSimulator.Build.0 = Release|Any CPU
		{D9A43575-43FE-4D0E-A24C-1CEEED39B26A}.AppStore|x64.ActiveCfg = Release|Any CPU
		{D9A43575-43FE-4D0E-A24C-1CEEED39B26A}.AppStore|x64.Build.0 = Release|Any CPU
		{D9A43575-43FE-4D0E-A24C-1CEEED39B26A}.AppStore|x86.ActiveCfg = Release|Any CPU
		{D9A43575-43FE-4D0E-A24C-1CEEED39B26A}.AppStore|x86.Build.0 = Release|Any CPU
		{D9A43575-43FE-4D0E-A24C-1CEEED39B26A}.Debug|Any CPU.ActiveCfg = Debug|Any CPU
		{D9A43575-43FE-4D0E-A24C-1CEEED39B26A}.Debug|Any CPU.Build.0 = Debug|Any CPU
		{D9A43575-43FE-4D0E-A24C-1CEEED39B26A}.Debug|ARM.ActiveCfg = Debug|Any CPU
		{D9A43575-43FE-4D0E-A24C-1CEEED39B26A}.Debug|ARM.Build.0 = Debug|Any CPU
		{D9A43575-43FE-4D0E-A24C-1CEEED39B26A}.Debug|iPhone.ActiveCfg = Debug|Any CPU
		{D9A43575-43FE-4D0E-A24C-1CEEED39B26A}.Debug|iPhone.Build.0 = Debug|Any CPU
		{D9A43575-43FE-4D0E-A24C-1CEEED39B26A}.Debug|iPhoneSimulator.ActiveCfg = Debug|Any CPU
		{D9A43575-43FE-4D0E-A24C-1CEEED39B26A}.Debug|iPhoneSimulator.Build.0 = Debug|Any CPU
		{D9A43575-43FE-4D0E-A24C-1CEEED39B26A}.Debug|x64.ActiveCfg = Debug|Any CPU
		{D9A43575-43FE-4D0E-A24C-1CEEED39B26A}.Debug|x64.Build.0 = Debug|Any CPU
		{D9A43575-43FE-4D0E-A24C-1CEEED39B26A}.Debug|x86.ActiveCfg = Debug|Any CPU
		{D9A43575-43FE-4D0E-A24C-1CEEED39B26A}.Debug|x86.Build.0 = Debug|Any CPU
		{D9A43575-43FE-4D0E-A24C-1CEEED39B26A}.Release|Any CPU.ActiveCfg = Release|Any CPU
		{D9A43575-43FE-4D0E-A24C-1CEEED39B26A}.Release|Any CPU.Build.0 = Release|Any CPU
		{D9A43575-43FE-4D0E-A24C-1CEEED39B26A}.Release|ARM.ActiveCfg = Release|Any CPU
		{D9A43575-43FE-4D0E-A24C-1CEEED39B26A}.Release|ARM.Build.0 = Release|Any CPU
		{D9A43575-43FE-4D0E-A24C-1CEEED39B26A}.Release|iPhone.ActiveCfg = Release|Any CPU
		{D9A43575-43FE-4D0E-A24C-1CEEED39B26A}.Release|iPhone.Build.0 = Release|Any CPU
		{D9A43575-43FE-4D0E-A24C-1CEEED39B26A}.Release|iPhoneSimulator.ActiveCfg = Release|Any CPU
		{D9A43575-43FE-4D0E-A24C-1CEEED39B26A}.Release|iPhoneSimulator.Build.0 = Release|Any CPU
		{D9A43575-43FE-4D0E-A24C-1CEEED39B26A}.Release|x64.ActiveCfg = Release|Any CPU
		{D9A43575-43FE-4D0E-A24C-1CEEED39B26A}.Release|x64.Build.0 = Release|Any CPU
		{D9A43575-43FE-4D0E-A24C-1CEEED39B26A}.Release|x86.ActiveCfg = Release|Any CPU
		{D9A43575-43FE-4D0E-A24C-1CEEED39B26A}.Release|x86.Build.0 = Release|Any CPU
		{D9A43575-43FE-4D0E-A24C-1CEEED39B26A}.Release2|Any CPU.ActiveCfg = Release2|Any CPU
		{D9A43575-43FE-4D0E-A24C-1CEEED39B26A}.Release2|Any CPU.Build.0 = Release2|Any CPU
		{D9A43575-43FE-4D0E-A24C-1CEEED39B26A}.Release2|ARM.ActiveCfg = Release2|Any CPU
		{D9A43575-43FE-4D0E-A24C-1CEEED39B26A}.Release2|ARM.Build.0 = Release2|Any CPU
		{D9A43575-43FE-4D0E-A24C-1CEEED39B26A}.Release2|iPhone.ActiveCfg = Release2|Any CPU
		{D9A43575-43FE-4D0E-A24C-1CEEED39B26A}.Release2|iPhone.Build.0 = Release2|Any CPU
		{D9A43575-43FE-4D0E-A24C-1CEEED39B26A}.Release2|iPhoneSimulator.ActiveCfg = Release2|Any CPU
		{D9A43575-43FE-4D0E-A24C-1CEEED39B26A}.Release2|iPhoneSimulator.Build.0 = Release2|Any CPU
		{D9A43575-43FE-4D0E-A24C-1CEEED39B26A}.Release2|x64.ActiveCfg = Release2|Any CPU
		{D9A43575-43FE-4D0E-A24C-1CEEED39B26A}.Release2|x64.Build.0 = Release2|Any CPU
		{D9A43575-43FE-4D0E-A24C-1CEEED39B26A}.Release2|x86.ActiveCfg = Release2|Any CPU
		{D9A43575-43FE-4D0E-A24C-1CEEED39B26A}.Release2|x86.Build.0 = Release2|Any CPU
	EndGlobalSection
	GlobalSection(SolutionProperties) = preSolution
		HideSolutionNode = FALSE
	EndGlobalSection
	GlobalSection(ExtensibilityGlobals) = postSolution
		SolutionGuid = {EB602951-331F-40C1-A698-8C3B2382224A}
	EndGlobalSection
EndGlobal
